
Microsoft Visual Studio Solution File, Format Version 12.00
# Visual Studio 15
VisualStudioVersion = 15.0.27703.2042
MinimumVisualStudioVersion = 10.0.40219.1
Project("{FAE04EC0-301F-11D3-BF4B-00C04F79EFBC}") = "ContactManager.Application", "ContactManagerLayers\ContactManager.Application.csproj", "{0829C838-4515-4F8A-9804-FAC1CDBB51F4}"
EndProject
Project("{FAE04EC0-301F-11D3-BF4B-00C04F79EFBC}") = "ContactsManager.Business", "ContactsManager.Business\ContactsManager.Business.csproj", "{FFD5E120-CE27-440B-9AE8-F086DE8D3DA2}"
EndProject
Project("{FAE04EC0-301F-11D3-BF4B-00C04F79EFBC}") = "ContactsManager.DAL", "ContactsManager.DAL\ContactsManager.DAL.csproj", "{FBDBD923-2946-4B87-96B4-BCD0F62A9A3C}"
EndProject
Global
	GlobalSection(SolutionConfigurationPlatforms) = preSolution
		Debug|Any CPU = Debug|Any CPU
		Release|Any CPU = Release|Any CPU
	EndGlobalSection
	GlobalSection(ProjectConfigurationPlatforms) = postSolution
		{0829C838-4515-4F8A-9804-FAC1CDBB51F4}.Debug|Any CPU.ActiveCfg = Debug|Any CPU
		{0829C838-4515-4F8A-9804-FAC1CDBB51F4}.Debug|Any CPU.Build.0 = Debug|Any CPU
		{0829C838-4515-4F8A-9804-FAC1CDBB51F4}.Release|Any CPU.ActiveCfg = Release|Any CPU
		{0829C838-4515-4F8A-9804-FAC1CDBB51F4}.Release|Any CPU.Build.0 = Release|Any CPU
		{FFD5E120-CE27-440B-9AE8-F086DE8D3DA2}.Debug|Any CPU.ActiveCfg = Debug|Any CPU
		{FFD5E120-CE27-440B-9AE8-F086DE8D3DA2}.Debug|Any CPU.Build.0 = Debug|Any CPU
		{FFD5E120-CE27-440B-9AE8-F086DE8D3DA2}.Release|Any CPU.ActiveCfg = Release|Any CPU
		{FFD5E120-CE27-440B-9AE8-F086DE8D3DA2}.Release|Any CPU.Build.0 = Release|Any CPU
		{FBDBD923-2946-4B87-96B4-BCD0F62A9A3C}.Debug|Any CPU.ActiveCfg = Debug|Any CPU
		{FBDBD923-2946-4B87-96B4-BCD0F62A9A3C}.Debug|Any CPU.Build.0 = Debug|Any CPU
		{FBDBD923-2946-4B87-96B4-BCD0F62A9A3C}.Release|Any CPU.ActiveCfg = Release|Any CPU
		{FBDBD923-2946-4B87-96B4-BCD0F62A9A3C}.Release|Any CPU.Build.0 = Release|Any CPU
	EndGlobalSection
	GlobalSection(SolutionProperties) = preSolution
		HideSolutionNode = FALSE
	EndGlobalSection
	GlobalSection(ExtensibilityGlobals) = postSolution
		SolutionGuid = {7E5BF0D5-634E-4959-B0C9-0D9F1E06B5D7}
	EndGlobalSection
EndGlobal
